{
  "version": 4,
  "terraform_version": "1.1.9",
  "serial": 3,
  "lineage": "33fd823b-9ac2-d306-df28-dfef48497033",
  "outputs": {},
  "resources": [
    {
      "mode": "managed",
      "type": "digitalocean_database_cluster",
      "name": "wordpress",
      "provider": "provider[\"registry.terraform.io/digitalocean/digitalocean\"]",
      "instances": [
        {
          "schema_version": 0,
          "attributes": {
            "database": "defaultdb",
            "engine": "mysql",
            "eviction_policy": null,
            "host": "db-do-user-11238605-0.b.db.ondigitalocean.com",
            "id": "c4c1c682-000d-40a4-b672-6694d1c0862c",
            "maintenance_window": [],
            "name": "db",
            "node_count": 1,
            "password": "AVNS_7GPV2XPywDJheZf1tpq",
            "port": 25060,
            "private_host": "private-db-do-user-11238605-0.b.db.ondigitalocean.com",
            "private_network_uuid": "04ed2146-844f-44b2-b6af-e68cfd09a6db",
            "private_uri": "mysql://doadmin:AVNS_7GPV2XPywDJheZf1tpq@private-db-do-user-11238605-0.b.db.ondigitalocean.com:25060/defaultdb?ssl-mode=REQUIRED",
            "region": "nyc3",
            "size": "db-s-1vcpu-1gb",
            "sql_mode": null,
            "tags": null,
            "timeouts": null,
            "uri": "mysql://doadmin:AVNS_7GPV2XPywDJheZf1tpq@db-do-user-11238605-0.b.db.ondigitalocean.com:25060/defaultdb?ssl-mode=REQUIRED",
            "urn": "do:dbaas:c4c1c682-000d-40a4-b672-6694d1c0862c",
            "user": "doadmin",
            "version": "8"
          },
          "sensitive_attributes": [],
          "private": "eyJlMmJmYjczMC1lY2FhLTExZTYtOGY4OC0zNDM2M2JjN2M0YzAiOnsiY3JlYXRlIjoxODAwMDAwMDAwMDAwfX0="
        }
      ]
    },
    {
      "mode": "managed",
      "type": "digitalocean_project",
      "name": "playground",
      "provider": "provider[\"registry.terraform.io/digitalocean/digitalocean\"]",
      "instances": [
        {
          "schema_version": 0,
          "attributes": {
            "created_at": "2022-08-22T08:23:49Z",
            "description": "A project to represent development resources.",
            "environment": "Development",
            "id": "5f624922-af6e-4e0a-8b8c-cd0d3b9b46c7",
            "is_default": false,
            "name": "playground",
            "owner_id": 11238605,
            "owner_uuid": "11acb11c-bd9a-4e35-92e6-6554491394a4",
            "purpose": "Web Application",
            "resources": [
              "do:dbaas:c4c1c682-000d-40a4-b672-6694d1c0862c"
            ],
            "updated_at": "2022-08-22T08:23:49Z"
          },
          "sensitive_attributes": [],
          "private": "bnVsbA==",
          "dependencies": [
            "digitalocean_database_cluster.wordpress"
          ]
        }
      ]
    }
  ]
}
